
Microsoft Visual Studio Solution File, Format Version 12.00
# Visual Studio Version 16
VisualStudioVersion = 16.0.28729.10
MinimumVisualStudioVersion = 10.0.40219.1
Project("{9A19103F-16F7-4668-BE54-9A1E7A4F7556}") = "InteractiveSeven.Core", "InteractiveSeven.Core\InteractiveSeven.Core.csproj", "{AE410D04-A553-45D1-B631-7941228EE624}"
EndProject
Project("{9A19103F-16F7-4668-BE54-9A1E7A4F7556}") = "InteractiveSeven.Twitch", "InteractiveSeven.Twitch\InteractiveSeven.Twitch.csproj", "{BDB4E559-28A8-4701-BE84-7C67375D35C8}"
EndProject
Project("{9A19103F-16F7-4668-BE54-9A1E7A4F7556}") = "UnitTests", "UnitTests\UnitTests.csproj", "{D610871A-4B1B-42DC-94B4-56841A318702}"
EndProject
Project("{9A19103F-16F7-4668-BE54-9A1E7A4F7556}") = "InteractiveSeven", "InteractiveSeven\InteractiveSeven.csproj", "{A666950C-E4FB-46C3-8FB6-71F2C5805540}"
EndProject
Project("{9A19103F-16F7-4668-BE54-9A1E7A4F7556}") = "InteractiveSeven.Web", "InteractiveSeven.Web\InteractiveSeven.Web.csproj", "{75E11106-A7C9-46B5-84AC-CC757385FCA2}"
EndProject
Project("{9A19103F-16F7-4668-BE54-9A1E7A4F7556}") = "Tseng", "Tseng\Tseng.csproj", "{BB773192-5869-4FCE-8C7A-343AD797CFF2}"
EndProject
Project("{2150E333-8FDC-42A3-9474-1A3956D46DE8}") = "Solution Items", "Solution Items", "{A4EBBEB0-C51B-452C-8A17-47A5C076EA98}"
	ProjectSection(SolutionItems) = preProject
		.editorconfig = .editorconfig
	EndProjectSection
EndProject
Project("{FAE04EC0-301F-11D3-BF4B-00C04F79EFBC}") = "InteractiveEight", "InteractiveEight\InteractiveEight.csproj", "{C6278F4E-5B0E-45BF-B185-04C87D20DF81}"
EndProject
Project("{FAE04EC0-301F-11D3-BF4B-00C04F79EFBC}") = "InteractiveNine", "InteractiveNine\InteractiveNine.csproj", "{168A09C8-5DAE-41C8-8F0C-2A921A294F9A}"
EndProject
Global
	GlobalSection(SolutionConfigurationPlatforms) = preSolution
		Debug|Any CPU = Debug|Any CPU
		Release|Any CPU = Release|Any CPU
	EndGlobalSection
	GlobalSection(ProjectConfigurationPlatforms) = postSolution
		{AE410D04-A553-45D1-B631-7941228EE624}.Debug|Any CPU.ActiveCfg = Debug|Any CPU
		{AE410D04-A553-45D1-B631-7941228EE624}.Debug|Any CPU.Build.0 = Debug|Any CPU
		{AE410D04-A553-45D1-B631-7941228EE624}.Release|Any CPU.ActiveCfg = Release|Any CPU
		{AE410D04-A553-45D1-B631-7941228EE624}.Release|Any CPU.Build.0 = Release|Any CPU
		{BDB4E559-28A8-4701-BE84-7C67375D35C8}.Debug|Any CPU.ActiveCfg = Debug|Any CPU
		{BDB4E559-28A8-4701-BE84-7C67375D35C8}.Debug|Any CPU.Build.0 = Debug|Any CPU
		{BDB4E559-28A8-4701-BE84-7C67375D35C8}.Release|Any CPU.ActiveCfg = Release|Any CPU
		{BDB4E559-28A8-4701-BE84-7C67375D35C8}.Release|Any CPU.Build.0 = Release|Any CPU
		{D610871A-4B1B-42DC-94B4-56841A318702}.Debug|Any CPU.ActiveCfg = Debug|Any CPU
		{D610871A-4B1B-42DC-94B4-56841A318702}.Debug|Any CPU.Build.0 = Debug|Any CPU
		{D610871A-4B1B-42DC-94B4-56841A318702}.Release|Any CPU.ActiveCfg = Release|Any CPU
		{D610871A-4B1B-42DC-94B4-56841A318702}.Release|Any CPU.Build.0 = Release|Any CPU
		{A666950C-E4FB-46C3-8FB6-71F2C5805540}.Debug|Any CPU.ActiveCfg = Debug|Any CPU
		{A666950C-E4FB-46C3-8FB6-71F2C5805540}.Debug|Any CPU.Build.0 = Debug|Any CPU
		{A666950C-E4FB-46C3-8FB6-71F2C5805540}.Release|Any CPU.ActiveCfg = Release|Any CPU
		{A666950C-E4FB-46C3-8FB6-71F2C5805540}.Release|Any CPU.Build.0 = Release|Any CPU
		{75E11106-A7C9-46B5-84AC-CC757385FCA2}.Debug|Any CPU.ActiveCfg = Debug|Any CPU
		{75E11106-A7C9-46B5-84AC-CC757385FCA2}.Debug|Any CPU.Build.0 = Debug|Any CPU
		{75E11106-A7C9-46B5-84AC-CC757385FCA2}.Release|Any CPU.ActiveCfg = Release|Any CPU
		{75E11106-A7C9-46B5-84AC-CC757385FCA2}.Release|Any CPU.Build.0 = Release|Any CPU
		{BB773192-5869-4FCE-8C7A-343AD797CFF2}.Debug|Any CPU.ActiveCfg = Debug|Any CPU
		{BB773192-5869-4FCE-8C7A-343AD797CFF2}.Debug|Any CPU.Build.0 = Debug|Any CPU
		{BB773192-5869-4FCE-8C7A-343AD797CFF2}.Release|Any CPU.ActiveCfg = Release|Any CPU
		{BB773192-5869-4FCE-8C7A-343AD797CFF2}.Release|Any CPU.Build.0 = Release|Any CPU
		{C6278F4E-5B0E-45BF-B185-04C87D20DF81}.Debug|Any CPU.ActiveCfg = Debug|Any CPU
		{C6278F4E-5B0E-45BF-B185-04C87D20DF81}.Debug|Any CPU.Build.0 = Debug|Any CPU
		{C6278F4E-5B0E-45BF-B185-04C87D20DF81}.Release|Any CPU.ActiveCfg = Release|Any CPU
		{C6278F4E-5B0E-45BF-B185-04C87D20DF81}.Release|Any CPU.Build.0 = Release|Any CPU
		{168A09C8-5DAE-41C8-8F0C-2A921A294F9A}.Debug|Any CPU.ActiveCfg = Debug|Any CPU
		{168A09C8-5DAE-41C8-8F0C-2A921A294F9A}.Debug|Any CPU.Build.0 = Debug|Any CPU
		{168A09C8-5DAE-41C8-8F0C-2A921A294F9A}.Release|Any CPU.ActiveCfg = Release|Any CPU
		{168A09C8-5DAE-41C8-8F0C-2A921A294F9A}.Release|Any CPU.Build.0 = Release|Any CPU
	EndGlobalSection
	GlobalSection(SolutionProperties) = preSolution
		HideSolutionNode = FALSE
	EndGlobalSection
	GlobalSection(ExtensibilityGlobals) = postSolution
		SolutionGuid = {573D4C0E-580C-424D-92AE-0CD57C35C0C1}
	EndGlobalSection
EndGlobal
