
Microsoft Visual Studio Solution File, Format Version 12.00
# Visual Studio Version 17
VisualStudioVersion = 17.4.33213.308
MinimumVisualStudioVersion = 10.0.40219.1
Project("{9A19103F-16F7-4668-BE54-9A1E7A4F7556}") = "InteractiveSeven.Core", "InteractiveSeven.Core\InteractiveSeven.Core.csproj", "{AE410D04-A553-45D1-B631-7941228EE624}"
EndProject
Project("{9A19103F-16F7-4668-BE54-9A1E7A4F7556}") = "InteractiveSeven.Twitch", "InteractiveSeven.Twitch\InteractiveSeven.Twitch.csproj", "{BDB4E559-28A8-4701-BE84-7C67375D35C8}"
EndProject
Project("{9A19103F-16F7-4668-BE54-9A1E7A4F7556}") = "UnitTests", "UnitTests\UnitTests.csproj", "{D610871A-4B1B-42DC-94B4-56841A318702}"
EndProject
Project("{9A19103F-16F7-4668-BE54-9A1E7A4F7556}") = "InteractiveSeven", "InteractiveSeven\InteractiveSeven.csproj", "{A666950C-E4FB-46C3-8FB6-71F2C5805540}"
EndProject
Project("{9A19103F-16F7-4668-BE54-9A1E7A4F7556}") = "InteractiveSeven.Web", "InteractiveSeven.Web\InteractiveSeven.Web.csproj", "{75E11106-A7C9-46B5-84AC-CC757385FCA2}"
EndProject
Project("{9A19103F-16F7-4668-BE54-9A1E7A4F7556}") = "Tseng", "Tseng\Tseng.csproj", "{BB773192-5869-4FCE-8C7A-343AD797CFF2}"
EndProject
Project("{2150E333-8FDC-42A3-9474-1A3956D46DE8}") = "Solution Items", "Solution Items", "{DAACBCAF-D606-4C7A-BC9B-B1BE089D60A2}"
	ProjectSection(SolutionItems) = preProject
		.editorconfig = .editorconfig
		..\.github\workflows\dotnet.yml = ..\.github\workflows\dotnet.yml
	EndProjectSection
EndProject
Project("{2150E333-8FDC-42A3-9474-1A3956D46DE8}") = "FF7", "FF7", "{36A7C474-F6B7-45CC-9061-3BD772B5F079}"
EndProject
Project("{2150E333-8FDC-42A3-9474-1A3956D46DE8}") = "FF9", "FF9", "{BBE520D1-7802-4526-B736-8C8865CF4F1A}"
EndProject
Project("{9A19103F-16F7-4668-BE54-9A1E7A4F7556}") = "Core.InteractiveSeven", "FF7\Core.InteractiveSeven\Core.InteractiveSeven.csproj", "{4FE0AC04-1504-450F-BB48-F9ABF6E7D4F1}"
EndProject
Project("{9A19103F-16F7-4668-BE54-9A1E7A4F7556}") = "Core.InteractiveNine", "FF9\Core.InteractiveNine\Core.InteractiveNine.csproj", "{9763E918-5DA8-4334-8A7F-518A210B82DF}"
EndProject
Project("{2150E333-8FDC-42A3-9474-1A3956D46DE8}") = "Shared", "Shared", "{1244F890-1E94-4AB6-8CD2-D2FB620450D9}"
EndProject
Project("{9A19103F-16F7-4668-BE54-9A1E7A4F7556}") = "SharedUI", "Shared\SharedUI\SharedUI.csproj", "{80B7BFA1-D748-4F94-B01F-B8071B61C8F5}"
EndProject
Project("{FAE04EC0-301F-11D3-BF4B-00C04F79EFBC}") = "Overlays.InteractiveSeven", "FF7\Overlays.InteractiveSeven\Overlays.InteractiveSeven.csproj", "{E44F15C4-BB3E-48A2-9A0E-46B050E05A85}"
EndProject
Global
	GlobalSection(SolutionConfigurationPlatforms) = preSolution
		Debug|Any CPU = Debug|Any CPU
		Release|Any CPU = Release|Any CPU
	EndGlobalSection
	GlobalSection(ProjectConfigurationPlatforms) = postSolution
		{AE410D04-A553-45D1-B631-7941228EE624}.Debug|Any CPU.ActiveCfg = Debug|Any CPU
		{AE410D04-A553-45D1-B631-7941228EE624}.Debug|Any CPU.Build.0 = Debug|Any CPU
		{AE410D04-A553-45D1-B631-7941228EE624}.Release|Any CPU.ActiveCfg = Release|Any CPU
		{AE410D04-A553-45D1-B631-7941228EE624}.Release|Any CPU.Build.0 = Release|Any CPU
		{BDB4E559-28A8-4701-BE84-7C67375D35C8}.Debug|Any CPU.ActiveCfg = Debug|Any CPU
		{BDB4E559-28A8-4701-BE84-7C67375D35C8}.Debug|Any CPU.Build.0 = Debug|Any CPU
		{BDB4E559-28A8-4701-BE84-7C67375D35C8}.Release|Any CPU.ActiveCfg = Release|Any CPU
		{BDB4E559-28A8-4701-BE84-7C67375D35C8}.Release|Any CPU.Build.0 = Release|Any CPU
		{D610871A-4B1B-42DC-94B4-56841A318702}.Debug|Any CPU.ActiveCfg = Debug|Any CPU
		{D610871A-4B1B-42DC-94B4-56841A318702}.Debug|Any CPU.Build.0 = Debug|Any CPU
		{D610871A-4B1B-42DC-94B4-56841A318702}.Release|Any CPU.ActiveCfg = Release|Any CPU
		{D610871A-4B1B-42DC-94B4-56841A318702}.Release|Any CPU.Build.0 = Release|Any CPU
		{A666950C-E4FB-46C3-8FB6-71F2C5805540}.Debug|Any CPU.ActiveCfg = Debug|Any CPU
		{A666950C-E4FB-46C3-8FB6-71F2C5805540}.Debug|Any CPU.Build.0 = Debug|Any CPU
		{A666950C-E4FB-46C3-8FB6-71F2C5805540}.Release|Any CPU.ActiveCfg = Release|Any CPU
		{A666950C-E4FB-46C3-8FB6-71F2C5805540}.Release|Any CPU.Build.0 = Release|Any CPU
		{75E11106-A7C9-46B5-84AC-CC757385FCA2}.Debug|Any CPU.ActiveCfg = Debug|Any CPU
		{75E11106-A7C9-46B5-84AC-CC757385FCA2}.Debug|Any CPU.Build.0 = Debug|Any CPU
		{75E11106-A7C9-46B5-84AC-CC757385FCA2}.Release|Any CPU.ActiveCfg = Release|Any CPU
		{75E11106-A7C9-46B5-84AC-CC757385FCA2}.Release|Any CPU.Build.0 = Release|Any CPU
		{4FE0AC04-1504-450F-BB48-F9ABF6E7D4F1}.Debug|Any CPU.ActiveCfg = Debug|Any CPU
		{4FE0AC04-1504-450F-BB48-F9ABF6E7D4F1}.Debug|Any CPU.Build.0 = Debug|Any CPU
		{4FE0AC04-1504-450F-BB48-F9ABF6E7D4F1}.Release|Any CPU.ActiveCfg = Release|Any CPU
		{4FE0AC04-1504-450F-BB48-F9ABF6E7D4F1}.Release|Any CPU.Build.0 = Release|Any CPU
		{9763E918-5DA8-4334-8A7F-518A210B82DF}.Debug|Any CPU.ActiveCfg = Debug|Any CPU
		{9763E918-5DA8-4334-8A7F-518A210B82DF}.Debug|Any CPU.Build.0 = Debug|Any CPU
		{9763E918-5DA8-4334-8A7F-518A210B82DF}.Release|Any CPU.ActiveCfg = Release|Any CPU
		{9763E918-5DA8-4334-8A7F-518A210B82DF}.Release|Any CPU.Build.0 = Release|Any CPU
		{80B7BFA1-D748-4F94-B01F-B8071B61C8F5}.Debug|Any CPU.ActiveCfg = Debug|Any CPU
		{80B7BFA1-D748-4F94-B01F-B8071B61C8F5}.Debug|Any CPU.Build.0 = Debug|Any CPU
		{80B7BFA1-D748-4F94-B01F-B8071B61C8F5}.Release|Any CPU.ActiveCfg = Release|Any CPU
		{80B7BFA1-D748-4F94-B01F-B8071B61C8F5}.Release|Any CPU.Build.0 = Release|Any CPU
		{E44F15C4-BB3E-48A2-9A0E-46B050E05A85}.Debug|Any CPU.ActiveCfg = Debug|Any CPU
		{E44F15C4-BB3E-48A2-9A0E-46B050E05A85}.Debug|Any CPU.Build.0 = Debug|Any CPU
		{E44F15C4-BB3E-48A2-9A0E-46B050E05A85}.Release|Any CPU.ActiveCfg = Release|Any CPU
		{E44F15C4-BB3E-48A2-9A0E-46B050E05A85}.Release|Any CPU.Build.0 = Release|Any CPU
	EndGlobalSection
	GlobalSection(SolutionProperties) = preSolution
		HideSolutionNode = FALSE
	EndGlobalSection
	GlobalSection(NestedProjects) = preSolution
		{4FE0AC04-1504-450F-BB48-F9ABF6E7D4F1} = {36A7C474-F6B7-45CC-9061-3BD772B5F079}
		{9763E918-5DA8-4334-8A7F-518A210B82DF} = {BBE520D1-7802-4526-B736-8C8865CF4F1A}
		{80B7BFA1-D748-4F94-B01F-B8071B61C8F5} = {1244F890-1E94-4AB6-8CD2-D2FB620450D9}
		{E44F15C4-BB3E-48A2-9A0E-46B050E05A85} = {36A7C474-F6B7-45CC-9061-3BD772B5F079}
	EndGlobalSection
	GlobalSection(ExtensibilityGlobals) = postSolution
		SolutionGuid = {573D4C0E-580C-424D-92AE-0CD57C35C0C1}
	EndGlobalSection
EndGlobal
